[[package]]
name = "requests"
version = "2.19.0"
description = "HTTP library"
optional = false
python-versions = "*"

[[package]]
name = "django"
version = "2.2.0"
description = "Web framework"
optional = false
python-versions = "*"

[[package]]
name = "pytest"
version = "7.4.0"
description = "Testing framework"
optional = true
python-versions = "*"